PODS:
  - Alamofire (4.4.0)
  - AlamofireImage (3.2.0):
    - Alamofire (~> 4.1)
  - IQKeyboardManagerSwift (4.0.10)
  - MBProgressHUD (1.0.0)

DEPENDENCIES:
  - Alamofire (~> 4.0)
  - AlamofireImage
  - IQKeyboardManagerSwift
  - MBProgressHUD

SPEC CHECKSUMS:
  Alamofire: dc44b1600b800eb63da6a19039a0083d62a6a62d
  AlamofireImage: 157ed682cc81d3b9db4fb90c1f12180ac552d93b
  IQKeyboardManagerSwift: 75ba21a23794a1e6b6fe6d9a267ea17f80e06771
  MBProgressHUD: 4890f671c94e8a0f3cf959aa731e9de2f036d71a

PODFILE CHECKSUM: e7610244eeda30dde9e3a6886c5ffa72abf93cf1

COCOAPODS: 1.2.1
